
Microsoft Visual Studio Solution File, Format Version 12.00
# Visual Studio Version 17
VisualStudioVersion = 17.10.35027.167
MinimumVisualStudioVersion = 10.0.40219.1
Project("{FAE04EC0-301F-11D3-BF4B-00C04F79EFBC}") = "eVal.Core", "eVal\eVal.Core.csproj", "{BE34C537-7E93-4BD1-A4CD-7FD60DBF18CE}"
EndProject
Project("{FAE04EC0-301F-11D3-BF4B-00C04F79EFBC}") = "eVal.Repo", "eVal.Repo\eVal.Repo.csproj", "{6455EC88-42D7-4A3F-AEFA-F9BD937C89A8}"
EndProject
Project("{FAE04EC0-301F-11D3-BF4B-00C04F79EFBC}") = "eVal.Service", "eVal.Service\eVal.Service.csproj", "{F119D4F8-F302-4609-BBB3-4FF4FAAD6370}"
EndProject
Project("{FAE04EC0-301F-11D3-BF4B-00C04F79EFBC}") = "eVal.IO", "eVal.IO\eVal.IO.csproj", "{FBD443D8-2DFA-470D-8A45-D7648E154767}"
EndProject
Project("{FAE04EC0-301F-11D3-BF4B-00C04F79EFBC}") = "eVal.AdminIO", "eVal.AdminIO\eVal.AdminIO.csproj", "{4FDC3B73-7C18-48CE-9135-C137A6CCED36}"
EndProject
Global
	GlobalSection(SolutionConfigurationPlatforms) = preSolution
		Debug|Any CPU = Debug|Any CPU
		Release|Any CPU = Release|Any CPU
	EndGlobalSection
	GlobalSection(ProjectConfigurationPlatforms) = postSolution
		{BE34C537-7E93-4BD1-A4CD-7FD60DBF18CE}.Debug|Any CPU.ActiveCfg = Debug|Any CPU
		{BE34C537-7E93-4BD1-A4CD-7FD60DBF18CE}.Debug|Any CPU.Build.0 = Debug|Any CPU
		{BE34C537-7E93-4BD1-A4CD-7FD60DBF18CE}.Release|Any CPU.ActiveCfg = Release|Any CPU
		{BE34C537-7E93-4BD1-A4CD-7FD60DBF18CE}.Release|Any CPU.Build.0 = Release|Any CPU
		{6455EC88-42D7-4A3F-AEFA-F9BD937C89A8}.Debug|Any CPU.ActiveCfg = Debug|Any CPU
		{6455EC88-42D7-4A3F-AEFA-F9BD937C89A8}.Debug|Any CPU.Build.0 = Debug|Any CPU
		{6455EC88-42D7-4A3F-AEFA-F9BD937C89A8}.Release|Any CPU.ActiveCfg = Release|Any CPU
		{6455EC88-42D7-4A3F-AEFA-F9BD937C89A8}.Release|Any CPU.Build.0 = Release|Any CPU
		{F119D4F8-F302-4609-BBB3-4FF4FAAD6370}.Debug|Any CPU.ActiveCfg = Debug|Any CPU
		{F119D4F8-F302-4609-BBB3-4FF4FAAD6370}.Debug|Any CPU.Build.0 = Debug|Any CPU
		{F119D4F8-F302-4609-BBB3-4FF4FAAD6370}.Release|Any CPU.ActiveCfg = Release|Any CPU
		{F119D4F8-F302-4609-BBB3-4FF4FAAD6370}.Release|Any CPU.Build.0 = Release|Any CPU
		{FBD443D8-2DFA-470D-8A45-D7648E154767}.Debug|Any CPU.ActiveCfg = Debug|Any CPU
		{FBD443D8-2DFA-470D-8A45-D7648E154767}.Debug|Any CPU.Build.0 = Debug|Any CPU
		{FBD443D8-2DFA-470D-8A45-D7648E154767}.Release|Any CPU.ActiveCfg = Release|Any CPU
		{FBD443D8-2DFA-470D-8A45-D7648E154767}.Release|Any CPU.Build.0 = Release|Any CPU
		{4FDC3B73-7C18-48CE-9135-C137A6CCED36}.Debug|Any CPU.ActiveCfg = Debug|Any CPU
		{4FDC3B73-7C18-48CE-9135-C137A6CCED36}.Debug|Any CPU.Build.0 = Debug|Any CPU
		{4FDC3B73-7C18-48CE-9135-C137A6CCED36}.Release|Any CPU.ActiveCfg = Release|Any CPU
		{4FDC3B73-7C18-48CE-9135-C137A6CCED36}.Release|Any CPU.Build.0 = Release|Any CPU
	EndGlobalSection
	GlobalSection(SolutionProperties) = preSolution
		HideSolutionNode = FALSE
	EndGlobalSection
	GlobalSection(ExtensibilityGlobals) = postSolution
		SolutionGuid = {F2AC09AB-746F-4529-8479-C72B68E4E7E1}
	EndGlobalSection
EndGlobal
